
Microsoft Visual Studio Solution File, Format Version 12.00
# Visual Studio Version 16
VisualStudioVersion = 16.0.31129.286
MinimumVisualStudioVersion = 10.0.40219.1
Project("{FAE04EC0-301F-11D3-BF4B-00C04F79EFBC}") = "PageObject", "PageObject.csproj", "{CD07A9E7-CD53-44EF-908A-89E3B0B993E8}"
EndProject
Project("{FAE04EC0-301F-11D3-BF4B-00C04F79EFBC}") = "SpecFlowProject2", "..\SpecFlowProject2\SpecFlowProject2.csproj", "{4849AB20-DAB2-43D2-AD49-E72DE4A6430B}"
EndProject
Global
	GlobalSection(SolutionConfigurationPlatforms) = preSolution
		Debug|Any CPU = Debug|Any CPU
		Release|Any CPU = Release|Any CPU
	EndGlobalSection
	GlobalSection(ProjectConfigurationPlatforms) = postSolution
		{CD07A9E7-CD53-44EF-908A-89E3B0B993E8}.Debug|Any CPU.ActiveCfg = Debug|Any CPU
		{CD07A9E7-CD53-44EF-908A-89E3B0B993E8}.Debug|Any CPU.Build.0 = Debug|Any CPU
		{CD07A9E7-CD53-44EF-908A-89E3B0B993E8}.Release|Any CPU.ActiveCfg = Release|Any CPU
		{CD07A9E7-CD53-44EF-908A-89E3B0B993E8}.Release|Any CPU.Build.0 = Release|Any CPU
		{4849AB20-DAB2-43D2-AD49-E72DE4A6430B}.Debug|Any CPU.ActiveCfg = Debug|Any CPU
		{4849AB20-DAB2-43D2-AD49-E72DE4A6430B}.Debug|Any CPU.Build.0 = Debug|Any CPU
		{4849AB20-DAB2-43D2-AD49-E72DE4A6430B}.Release|Any CPU.ActiveCfg = Release|Any CPU
		{4849AB20-DAB2-43D2-AD49-E72DE4A6430B}.Release|Any CPU.Build.0 = Release|Any CPU
	EndGlobalSection
	GlobalSection(SolutionProperties) = preSolution
		HideSolutionNode = FALSE
	EndGlobalSection
	GlobalSection(ExtensibilityGlobals) = postSolution
		SolutionGuid = {DAC35291-BEE7-42C3-8C96-7674E768124B}
	EndGlobalSection
EndGlobal
